
Microsoft Visual Studio Solution File, Format Version 12.00
# Visual Studio Version 17
VisualStudioVersion = 17.2.32526.322
MinimumVisualStudioVersion = 10.0.40219.1
Project("{FAE04EC0-301F-11D3-BF4B-00C04F79EFBC}") = "MvcCoreUtilidades", "MvcCoreUtilidades\MvcCoreUtilidades.csproj", "{63418F3E-9EF2-4A8F-AA3B-BBD36E5C558A}"
EndProject
Global
	GlobalSection(SolutionConfigurationPlatforms) = preSolution
		Debug|Any CPU = Debug|Any CPU
		Release|Any CPU = Release|Any CPU
	EndGlobalSection
	GlobalSection(ProjectConfigurationPlatforms) = postSolution
		{63418F3E-9EF2-4A8F-AA3B-BBD36E5C558A}.Debug|Any CPU.ActiveCfg = Debug|Any CPU
		{63418F3E-9EF2-4A8F-AA3B-BBD36E5C558A}.Debug|Any CPU.Build.0 = Debug|Any CPU
		{63418F3E-9EF2-4A8F-AA3B-BBD36E5C558A}.Release|Any CPU.ActiveCfg = Release|Any CPU
		{63418F3E-9EF2-4A8F-AA3B-BBD36E5C558A}.Release|Any CPU.Build.0 = Release|Any CPU
	EndGlobalSection
	GlobalSection(SolutionProperties) = preSolution
		HideSolutionNode = FALSE
	EndGlobalSection
	GlobalSection(ExtensibilityGlobals) = postSolution
		SolutionGuid = {DA78BF1D-FE4E-45A6-B16D-0A5EC0EAA281}
	EndGlobalSection
EndGlobal
